// !$*UTF8*$!
{
	archiveVersion = 1;
	classes = {
	};
	objectVersion = 50;
	objects = {

/* Begin PBXBuildFile section */
		5F0ECC98B7B5B6FE027049C0 /* libPods-ZZCodeLib.a in Frameworks */ = {isa = PBXBuildFile; fileRef = 590294E4C6E6043CF6DFCD5F /* libPods-ZZCodeLib.a */; };
		F4FC39BB2481423100B481AF /* AppDelegate.m in Sources */ = {isa = PBXBuildFile; fileRef = F4FC39BA2481423100B481AF /* AppDelegate.m */; };
		F4FC39BE2481423100B481AF /* SceneDelegate.m in Sources */ = {isa = PBXBuildFile; fileRef = F4FC39BD2481423100B481AF /* SceneDelegate.m */; };
		F4FC39C12481423100B481AF /* ViewController.m in Sources */ = {isa = PBXBuildFile; fileRef = F4FC39C02481423100B481AF /* ViewController.m */; };
		F4FC39C42481423100B481AF /* Main.storyboard in Resources */ = {isa = PBXBuildFile; fileRef = F4FC39C22481423100B481AF /* Main.storyboard */; };
		F4FC39C62481423700B481AF /* Assets.xcassets in Resources */ = {isa = PBXBuildFile; fileRef = F4FC39C52481423700B481AF /* Assets.xcassets */; };
		F4FC39C92481423700B481AF /* LaunchScreen.storyboard in Resources */ = {isa = PBXBuildFile; fileRef = F4FC39C72481423700B481AF /* LaunchScreen.storyboard */; };
		F4FC39CC2481423700B481AF /* main.m in Sources */ = {isa = PBXBuildFile; fileRef = F4FC39CB2481423700B481AF /* main.m */; };
/* End PBXBuildFile section */

/* Begin PBXFileReference section */
		07A68DB078036779FCE195F1 /* Pods-ZZCodeLib.debug.xcconfig */ = {isa = PBXFileReference; includeInIndex = 1; lastKnownFileType = text.xcconfig; name = "Pods-ZZCodeLib.debug.xcconfig"; path = "Target Support Files/Pods-ZZCodeLib/Pods-ZZCodeLib.debug.xcconfig"; sourceTree = "<group>"; };
		195D13BB29B2C5C9AC3E7C53 /* Pods-ZZCodeLib.release.xcconfig */ = {isa = PBXFileReference; includeInIndex = 1; lastKnownFileType = text.xcconfig; name = "Pods-ZZCodeLib.release.xcconfig"; path = "Target Support Files/Pods-ZZCodeLib/Pods-ZZCodeLib.release.xcconfig"; sourceTree = "<group>"; };
		590294E4C6E6043CF6DFCD5F /* libPods-ZZCodeLib.a */ = {isa = PBXFileReference; explicitFileType = archive.ar; includeInIndex = 0; path = "libPods-ZZCodeLib.a"; sourceTree = BUILT_PRODUCTS_DIR; };
		F4425575248BA1A3001820F3 /* PrefixHeader.pch */ = {isa = PBXFileReference; lastKnownFileType = sourcecode.c.h; path = PrefixHeader.pch; sourceTree = "<group>"; };
		F4FC39B62481423100B481AF /* ZZCodeLib.app */ = {isa = PBXFileReference; explicitFileType = wrapper.application; includeInIndex = 0; path = ZZCodeLib.app; sourceTree = BUILT_PRODUCTS_DIR; };
		F4FC39B92481423100B481AF /* AppDelegate.h */ = {isa = PBXFileReference; lastKnownFileType = sourcecode.c.h; path = AppDelegate.h; sourceTree = "<group>"; };
		F4FC39BA2481423100B481AF /* AppDelegate.m */ = {isa = PBXFileReference; lastKnownFileType = sourcecode.c.objc; path = AppDelegate.m; sourceTree = "<group>"; };
		F4FC39BC2481423100B481AF /* SceneDelegate.h */ = {isa = PBXFileReference; lastKnownFileType = sourcecode.c.h; path = SceneDelegate.h; sourceTree = "<group>"; };
		F4FC39BD2481423100B481AF /* SceneDelegate.m */ = {isa = PBXFileReference; lastKnownFileType = sourcecode.c.objc; path = SceneDelegate.m; sourceTree = "<group>"; };
		F4FC39BF2481423100B481AF /* ViewController.h */ = {isa = PBXFileReference; lastKnownFileType = sourcecode.c.h; path = ViewController.h; sourceTree = "<group>"; };
		F4FC39C02481423100B481AF /* ViewController.m */ = {isa = PBXFileReference; lastKnownFileType = sourcecode.c.objc; path = ViewController.m; sourceTree = "<group>"; };
		F4FC39C32481423100B481AF /* Base */ = {isa = PBXFileReference; lastKnownFileType = file.storyboard; name = Base; path = Base.lproj/Main.storyboard; sourceTree = "<group>"; };
		F4FC39C52481423700B481AF /* Assets.xcassets */ = {isa = PBXFileReference; lastKnownFileType = folder.assetcatalog; path = Assets.xcassets; sourceTree = "<group>"; };
		F4FC39C82481423700B481AF /* Base */ = {isa = PBXFileReference; lastKnownFileType = file.storyboard; name = Base; path = Base.lproj/LaunchScreen.storyboard; sourceTree = "<group>"; };
		F4FC39CA2481423700B481AF /* Info.plist */ = {isa = PBXFileReference; lastKnownFileType = text.plist.xml; path = Info.plist; sourceTree = "<group>"; };
		F4FC39CB2481423700B481AF /* main.m */ = {isa = PBXFileReference; lastKnownFileType = sourcecode.c.objc; path = main.m; sourceTree = "<group>"; };
/* End PBXFileReference section */

/* Begin PBXFrameworksBuildPhase section */
		F4FC39B32481423100B481AF /* Frameworks */ = {
			isa = PBXFrameworksBuildPhase;
			buildActionMask = 2147483647;
			files = (
				5F0ECC98B7B5B6FE027049C0 /* libPods-ZZCodeLib.a in Frameworks */,
			);
			runOnlyForDeploymentPostprocessing = 0;
		};
/* End PBXFrameworksBuildPhase section */

/* Begin PBXGroup section */
		D05BD9E89CF12F7FCFAC57DE /* Pods */ = {
			isa = PBXGroup;
			children = (
				07A68DB078036779FCE195F1 /* Pods-ZZCodeLib.debug.xcconfig */,
				195D13BB29B2C5C9AC3E7C53 /* Pods-ZZCodeLib.release.xcconfig */,
			);
			path = Pods;
			sourceTree = "<group>";
		};
		EC1463D9AE57EA4DDAD41B3A /* Frameworks */ = {
			isa = PBXGroup;
			children = (
				590294E4C6E6043CF6DFCD5F /* libPods-ZZCodeLib.a */,
			);
			name = Frameworks;
			sourceTree = "<group>";
		};
		F4FC39AD2481423100B481AF = {
			isa = PBXGroup;
			children = (
				F4FC39B82481423100B481AF /* ZZCodeLib */,
				F4FC39B72481423100B481AF /* Products */,
				D05BD9E89CF12F7FCFAC57DE /* Pods */,
				EC1463D9AE57EA4DDAD41B3A /* Frameworks */,
			);
			sourceTree = "<group>";
		};
		F4FC39B72481423100B481AF /* Products */ = {
			isa = PBXGroup;
			children = (
				F4FC39B62481423100B481AF /* ZZCodeLib.app */,
			);
			name = Products;
			sourceTree = "<group>";
		};
		F4FC39B82481423100B481AF /* ZZCodeLib */ = {
			isa = PBXGroup;
			children = (
				F4FC39B92481423100B481AF /* AppDelegate.h */,
				F4FC39BA2481423100B481AF /* AppDelegate.m */,
				F4FC39BC2481423100B481AF /* SceneDelegate.h */,
				F4FC39BD2481423100B481AF /* SceneDelegate.m */,
				F4FC39BF2481423100B481AF /* ViewController.h */,
				F4FC39C02481423100B481AF /* ViewController.m */,
				F4FC39C22481423100B481AF /* Main.storyboard */,
				F4FC39C52481423700B481AF /* Assets.xcassets */,
				F4425575248BA1A3001820F3 /* PrefixHeader.pch */,
				F4FC39C72481423700B481AF /* LaunchScreen.storyboard */,
				F4FC39CA2481423700B481AF /* Info.plist */,
				F4FC39CB2481423700B481AF /* main.m */,
			);
			path = ZZCodeLib;
			sourceTree = "<group>";
		};
/* End PBXGroup section */

/* Begin PBXNativeTarget section */
		F4FC39B52481423100B481AF /* ZZCodeLib */ = {
			isa = PBXNativeTarget;
			buildConfigurationList = F4FC39CF2481423700B481AF /* Build configuration list for PBXNativeTarget "ZZCodeLib" */;
			buildPhases = (
				4B15C0CFCB73BCBAACCAC4F9 /* [CP] Check Pods Manifest.lock */,
				F4FC39B22481423100B481AF /* Sources */,
				F4FC39B32481423100B481AF /* Frameworks */,
				F4FC39B42481423100B481AF /* Resources */,
			);
			buildRules = (
			);
			dependencies = (
			);
			name = ZZCodeLib;
			productName = ZZCodeLib;
			productReference = F4FC39B62481423100B481AF /* ZZCodeLib.app */;
			productType = "com.apple.product-type.application";
		};
/* End PBXNativeTarget section */

/* Begin PBXProject section */
		F4FC39AE2481423100B481AF /* Project object */ = {
			isa = PBXProject;
			attributes = {
				LastUpgradeCheck = 1130;
				ORGANIZATIONNAME = wenmei;
				TargetAttributes = {
					F4FC39B52481423100B481AF = {
						CreatedOnToolsVersion = 11.3.1;
					};
				};
			};
			buildConfigurationList = F4FC39B12481423100B481AF /* Build configuration list for PBXProject "ZZCodeLib" */;
			compatibilityVersion = "Xcode 9.3";
			developmentRegion = en;
			hasScannedForEncodings = 0;
			knownRegions = (
				en,
				Base,
			);
			mainGroup = F4FC39AD2481423100B481AF;
			productRefGroup = F4FC39B72481423100B481AF /* Products */;
			projectDirPath = "";
			projectRoot = "";
			targets = (
				F4FC39B52481423100B481AF /* ZZCodeLib */,
			);
		};
/* End PBXProject section */

/* Begin PBXResourcesBuildPhase section */
		F4FC39B42481423100B481AF /* Resources */ = {
			isa = PBXResourcesBuildPhase;
			buildActionMask = 2147483647;
			files = (
				F4FC39C92481423700B481AF /* LaunchScreen.storyboard in Resources */,
				F4FC39C62481423700B481AF /* Assets.xcassets in Resources */,
				F4FC39C42481423100B481AF /* Main.storyboard in Resources */,
			);
			runOnlyForDeploymentPostprocessing = 0;
		};
/* End PBXResourcesBuildPhase section */

/* Begin PBXShellScriptBuildPhase section */
		4B15C0CFCB73BCBAACCAC4F9 /* [CP] Check Pods Manifest.lock */ = {
			isa = PBXShellScriptBuildPhase;
			buildActionMask = 2147483647;
			files = (
			);
			inputFileListPaths = (
			);
			inputPaths = (
				"${PODS_PODFILE_DIR_PATH}/Podfile.lock",
				"${PODS_ROOT}/Manifest.lock",
			);
			name = "[CP] Check Pods Manifest.lock";
			outputFileListPaths = (
			);
			outputPaths = (
				"$(DERIVED_FILE_DIR)/Pods-ZZCodeLib-checkManifestLockResult.txt",
			);
			runOnlyForDeploymentPostprocessing = 0;
			shellPath = /bin/sh;
			shellScript = "diff \"${PODS_PODFILE_DIR_PATH}/Podfile.lock\" \"${PODS_ROOT}/Manifest.lock\" > /dev/null\nif [ $? != 0 ] ; then\n    # print error to STDERR\n    echo \"error: The sandbox is not in sync with the Podfile.lock. Run 'pod install' or update your CocoaPods installation.\" >&2\n    exit 1\nfi\n# This output is used by Xcode 'outputs' to avoid re-running this script phase.\necho \"SUCCESS\" > \"${SCRIPT_OUTPUT_FILE_0}\"\n";
			showEnvVarsInLog = 0;
		};
/* End PBXShellScriptBuildPhase section */

/* Begin PBXSourcesBuildPhase section */
		F4FC39B22481423100B481AF /* Sources */ = {
			isa = PBXSourcesBuildPhase;
			buildActionMask = 2147483647;
			files = (
				F4FC39C12481423100B481AF /* ViewController.m in Sources */,
				F4FC39BB2481423100B481AF /* AppDelegate.m in Sources */,
				F4FC39CC2481423700B481AF /* main.m in Sources */,
				F4FC39BE2481423100B481AF /* SceneDelegate.m in Sources */,
			);
			runOnlyForDeploymentPostprocessing = 0;
		};
/* End PBXSourcesBuildPhase section */

/* Begin PBXVariantGroup section */
		F4FC39C22481423100B481AF /* Main.storyboard */ = {
			isa = PBXVariantGroup;
			children = (
				F4FC39C32481423100B481AF /* Base */,
			);
			name = Main.storyboard;
			sourceTree = "<group>";
		};
		F4FC39C72481423700B481AF /* LaunchScreen.storyboard */ = {
			isa = PBXVariantGroup;
			children = (
				F4FC39C82481423700B481AF /* Base */,
			);
			name = LaunchScreen.storyboard;
			sourceTree = "<group>";
		};
/* End PBXVariantGroup section */

/* Begin XCBuildConfiguration section */
		F4FC39CD2481423700B481AF /* Debug */ = {
			isa = XCBuildConfiguration;
			buildSettings = {
				ALWAYS_SEARCH_USER_PATHS = NO;
				CLANG_ANALYZER_NONNULL = YES;
				CLANG_ANALYZER_NUMBER_OBJECT_CONVERSION = YES_AGGRESSIVE;
				CLANG_CXX_LANGUAGE_STANDARD = "gnu++14";
				CLANG_CXX_LIBRARY = "libc++";
				CLANG_ENABLE_MODULES = YES;
				CLANG_ENABLE_OBJC_ARC = YES;
				CLANG_ENABLE_OBJC_WEAK = YES;
				CLANG_WARN_BLOCK_CAPTURE_AUTORELEASING = YES;
				CLANG_WARN_BOOL_CONVERSION = YES;
				CLANG_WARN_COMMA = YES;
				CLANG_WARN_CONSTANT_CONVERSION = YES;
				CLANG_WARN_DEPRECATED_OBJC_IMPLEMENTATIONS = YES;
				CLANG_WARN_DIRECT_OBJC_ISA_USAGE = YES_ERROR;
				CLANG_WARN_DOCUMENTATION_COMMENTS = YES;
				CLANG_WARN_EMPTY_BODY = YES;
				CLANG_WARN_ENUM_CONVERSION = YES;
				CLANG_WARN_INFINITE_RECURSION = YES;
				CLANG_WARN_INT_CONVERSION = YES;
				CLANG_WARN_NON_LITERAL_NULL_CONVERSION = YES;
				CLANG_WARN_OBJC_IMPLICIT_RETAIN_SELF = YES;
				CLANG_WARN_OBJC_LITERAL_CONVERSION = YES;
				CLANG_WARN_OBJC_ROOT_CLASS = YES_ERROR;
				CLANG_WARN_RANGE_LOOP_ANALYSIS = YES;
				CLANG_WARN_STRICT_PROTOTYPES = YES;
				CLANG_WARN_SUSPICIOUS_MOVE = YES;
				CLANG_WARN_UNGUARDED_AVAILABILITY = YES_AGGRESSIVE;
				CLANG_WARN_UNREACHABLE_CODE = YES;
				CLANG_WARN__DUPLICATE_METHOD_MATCH = YES;
				COPY_PHASE_STRIP = NO;
				DEBUG_INFORMATION_FORMAT = dwarf;
				ENABLE_STRICT_OBJC_MSGSEND = YES;
				ENABLE_TESTABILITY = YES;
				GCC_C_LANGUAGE_STANDARD = gnu11;
				GCC_DYNAMIC_NO_PIC = NO;
				GCC_NO_COMMON_BLOCKS = YES;
				GCC_OPTIMIZATION_LEVEL = 0;
				GCC_PREPROCESSOR_DEFINITIONS = (
					"DEBUG=1",
					"$(inherited)",
				);
				GCC_WARN_64_TO_32_BIT_CONVERSION = YES;
				GCC_WARN_ABOUT_RETURN_TYPE = YES_ERROR;
				GCC_WARN_UNDECLARED_SELECTOR = YES;
				GCC_WARN_UNINITIALIZED_AUTOS = YES_AGGRESSIVE;
				GCC_WARN_UNUSED_FUNCTION = YES;
				GCC_WARN_UNUSED_VARIABLE = YES;
				IPHONEOS_DEPLOYMENT_TARGET = 13.2;
				MTL_ENABLE_DEBUG_INFO = INCLUDE_SOURCE;
				MTL_FAST_MATH = YES;
				ONLY_ACTIVE_ARCH = YES;
				SDKROOT = iphoneos;
			};
			name = Debug;
		};
		F4FC39CE2481423700B481AF /* Release */ = {
			isa = XCBuildConfiguration;
			buildSettings = {
				ALWAYS_SEARCH_USER_PATHS = NO;
				CLANG_ANALYZER_NONNULL = YES;
				CLANG_ANALYZER_NUMBER_OBJECT_CONVERSION = YES_AGGRESSIVE;
				CLANG_CXX_LANGUAGE_STANDARD = "gnu++14";
				CLANG_CXX_LIBRARY = "libc++";
				CLANG_ENABLE_MODULES = YES;
				CLANG_ENABLE_OBJC_ARC = YES;
				CLANG_ENABLE_OBJC_WEAK = YES;
				CLANG_WARN_BLOCK_CAPTURE_AUTORELEASING = YES;
				CLANG_WARN_BOOL_CONVERSION = YES;
				CLANG_WARN_COMMA = YES;
				CLANG_WARN_CONSTANT_CONVERSION = YES;
				CLANG_WARN_DEPRECATED_OBJC_IMPLEMENTATIONS = YES;
				CLANG_WARN_DIRECT_OBJC_ISA_USAGE = YES_ERROR;
				CLANG_WARN_DOCUMENTATION_COMMENTS = YES;
				CLANG_WARN_EMPTY_BODY = YES;
				CLANG_WARN_ENUM_CONVERSION = YES;
				CLANG_WARN_INFINITE_RECURSION = YES;
				CLANG_WARN_INT_CONVERSION = YES;
				CLANG_WARN_NON_LITERAL_NULL_CONVERSION = YES;
				CLANG_WARN_OBJC_IMPLICIT_RETAIN_SELF = YES;
				CLANG_WARN_OBJC_LITERAL_CONVERSION = YES;
				CLANG_WARN_OBJC_ROOT_CLASS = YES_ERROR;
				CLANG_WARN_RANGE_LOOP_ANALYSIS = YES;
				CLANG_WARN_STRICT_PROTOTYPES = YES;
				CLANG_WARN_SUSPICIOUS_MOVE = YES;
				CLANG_WARN_UNGUARDED_AVAILABILITY = YES_AGGRESSIVE;
				CLANG_WARN_UNREACHABLE_CODE = YES;
				CLANG_WARN__DUPLICATE_METHOD_MATCH = YES;
				COPY_PHASE_STRIP = NO;
				DEBUG_INFORMATION_FORMAT = "dwarf-with-dsym";
				ENABLE_NS_ASSERTIONS = NO;
				ENABLE_STRICT_OBJC_MSGSEND = YES;
				GCC_C_LANGUAGE_STANDARD = gnu11;
				GCC_NO_COMMON_BLOCKS = YES;
				GCC_WARN_64_TO_32_BIT_CONVERSION = YES;
				GCC_WARN_ABOUT_RETURN_TYPE = YES_ERROR;
				GCC_WARN_UNDECLARED_SELECTOR = YES;
				GCC_WARN_UNINITIALIZED_AUTOS = YES_AGGRESSIVE;
				GCC_WARN_UNUSED_FUNCTION = YES;
				GCC_WARN_UNUSED_VARIABLE = YES;
				IPHONEOS_DEPLOYMENT_TARGET = 13.2;
				MTL_ENABLE_DEBUG_INFO = NO;
				MTL_FAST_MATH = YES;
				SDKROOT = iphoneos;
				VALIDATE_PRODUCT = YES;
			};
			name = Release;
		};
		F4FC39D02481423700B481AF /* Debug */ = {
			isa = XCBuildConfiguration;
			baseConfigurationReference = 07A68DB078036779FCE195F1 /* Pods-ZZCodeLib.debug.xcconfig */;
			buildSettings = {
				ASSETCATALOG_COMPILER_APPICON_NAME = AppIcon;
				CODE_SIGN_STYLE = Automatic;
				GCC_PREFIX_HEADER = "$(SRCROOT)/ZZCodeLib/PrefixHeader.pch";
				INFOPLIST_FILE = ZZCodeLib/Info.plist;
				IPHONEOS_DEPLOYMENT_TARGET = 9.3;
				LD_RUNPATH_SEARCH_PATHS = (
					"$(inherited)",
					"@executable_path/Frameworks",
				);
				PRODUCT_BUNDLE_IDENTIFIER = com.family.ZZCodeLib;
				PRODUCT_NAME = "$(TARGET_NAME)";
				TARGETED_DEVICE_FAMILY = "1,2";
			};
			name = Debug;
		};
		F4FC39D12481423700B481AF /* Release */ = {
			isa = XCBuildConfiguration;
			baseConfigurationReference = 195D13BB29B2C5C9AC3E7C53 /* Pods-ZZCodeLib.release.xcconfig */;
			buildSettings = {
				ASSETCATALOG_COMPILER_APPICON_NAME = AppIcon;
				CODE_SIGN_STYLE = Automatic;
				GCC_PREFIX_HEADER = "$(SRCROOT)/ZZCodeLib/PrefixHeader.pch";
				INFOPLIST_FILE = ZZCodeLib/Info.plist;
				IPHONEOS_DEPLOYMENT_TARGET = 9.3;
				LD_RUNPATH_SEARCH_PATHS = (
					"$(inherited)",
					"@executable_path/Frameworks",
				);
				PRODUCT_BUNDLE_IDENTIFIER = com.family.ZZCodeLib;
				PRODUCT_NAME = "$(TARGET_NAME)";
				TARGETED_DEVICE_FAMILY = "1,2";
			};
			name = Release;
		};
/* End XCBuildConfiguration section */

/* Begin XCConfigurationList section */
		F4FC39B12481423100B481AF /* Build configuration list for PBXProject "ZZCodeLib" */ = {
			isa = XCConfigurationList;
			buildConfigurations = (
				F4FC39CD2481423700B481AF /* Debug */,
				F4FC39CE2481423700B481AF /* Release */,
			);
			defaultConfigurationIsVisible = 0;
			defaultConfigurationName = Release;
		};
		F4FC39CF2481423700B481AF /* Build configuration list for PBXNativeTarget "ZZCodeLib" */ = {
			isa = XCConfigurationList;
			buildConfigurations = (
				F4FC39D02481423700B481AF /* Debug */,
				F4FC39D12481423700B481AF /* Release */,
			);
			defaultConfigurationIsVisible = 0;
			defaultConfigurationName = Release;
		};
/* End XCConfigurationList section */
	};
	rootObject = F4FC39AE2481423100B481AF /* Project object */;
}
